
Microsoft Visual Studio Solution File, Format Version 12.00
# Visual Studio Version 17
VisualStudioVersion = 17.0.32112.339
MinimumVisualStudioVersion = 10.0.40219.1
Project("{FAE04EC0-301F-11D3-BF4B-00C04F79EFBC}") = "FilmesAPI", "FilmesAPI\FilmesAPI.csproj", "{FFEB5D20-12A8-4CDA-A475-38EF9FCC1A59}"
EndProject
Global
	GlobalSection(SolutionConfigurationPlatforms) = preSolution
		Debug|Any CPU = Debug|Any CPU
		Release|Any CPU = Release|Any CPU
	EndGlobalSection
	GlobalSection(ProjectConfigurationPlatforms) = postSolution
		{FFEB5D20-12A8-4CDA-A475-38EF9FCC1A59}.Debug|Any CPU.ActiveCfg = Debug|Any CPU
		{FFEB5D20-12A8-4CDA-A475-38EF9FCC1A59}.Debug|Any CPU.Build.0 = Debug|Any CPU
		{FFEB5D20-12A8-4CDA-A475-38EF9FCC1A59}.Release|Any CPU.ActiveCfg = Release|Any CPU
		{FFEB5D20-12A8-4CDA-A475-38EF9FCC1A59}.Release|Any CPU.Build.0 = Release|Any CPU
	EndGlobalSection
	GlobalSection(SolutionProperties) = preSolution
		HideSolutionNode = FALSE
	EndGlobalSection
	GlobalSection(ExtensibilityGlobals) = postSolution
		SolutionGuid = {E404BA1D-C3F5-447C-9F5F-B18F6D7E4594}
	EndGlobalSection
EndGlobal
